
Microsoft Visual Studio Solution File, Format Version 12.00
# Visual Studio Version 17
VisualStudioVersion = 17.11.35222.181
MinimumVisualStudioVersion = 10.0.40219.1
Project("{FAE04EC0-301F-11D3-BF4B-00C04F79EFBC}") = "mvc33", "mvc33.csproj", "{913EAD44-4516-4279-A0AC-F7ADA0D099CE}"
EndProject
Global
	GlobalSection(SolutionConfigurationPlatforms) = preSolution
		Debug|Any CPU = Debug|Any CPU
		Release|Any CPU = Release|Any CPU
	EndGlobalSection
	GlobalSection(ProjectConfigurationPlatforms) = postSolution
		{913EAD44-4516-4279-A0AC-F7ADA0D099CE}.Debug|Any CPU.ActiveCfg = Debug|Any CPU
		{913EAD44-4516-4279-A0AC-F7ADA0D099CE}.Debug|Any CPU.Build.0 = Debug|Any CPU
		{913EAD44-4516-4279-A0AC-F7ADA0D099CE}.Release|Any CPU.ActiveCfg = Release|Any CPU
		{913EAD44-4516-4279-A0AC-F7ADA0D099CE}.Release|Any CPU.Build.0 = Release|Any CPU
	EndGlobalSection
	GlobalSection(SolutionProperties) = preSolution
		HideSolutionNode = FALSE
	EndGlobalSection
	GlobalSection(ExtensibilityGlobals) = postSolution
		SolutionGuid = {CD4E29D8-F229-420F-8463-8F146FBA8CC4}
	EndGlobalSection
EndGlobal
